
Microsoft Visual Studio Solution File, Format Version 12.00
# Visual Studio 15
VisualStudioVersion = 15.0.33403.129
MinimumVisualStudioVersion = 10.0.40219.1
Project("{FAE04EC0-301F-11D3-BF4B-00C04F79EFBC}") = "Diplomski", "Diplomski\Diplomski.csproj", "{EBB544A4-940C-4715-85B5-7D5EC35194C0}"
EndProject
Global
	GlobalSection(SolutionConfigurationPlatforms) = preSolution
		Debug|Any CPU = Debug|Any CPU
		Release|Any CPU = Release|Any CPU
	EndGlobalSection
	GlobalSection(ProjectConfigurationPlatforms) = postSolution
		{EBB544A4-940C-4715-85B5-7D5EC35194C0}.Debug|Any CPU.ActiveCfg = Debug|Any CPU
		{EBB544A4-940C-4715-85B5-7D5EC35194C0}.Debug|Any CPU.Build.0 = Debug|Any CPU
		{EBB544A4-940C-4715-85B5-7D5EC35194C0}.Release|Any CPU.ActiveCfg = Release|Any CPU
		{EBB544A4-940C-4715-85B5-7D5EC35194C0}.Release|Any CPU.Build.0 = Release|Any CPU
	EndGlobalSection
	GlobalSection(SolutionProperties) = preSolution
		HideSolutionNode = FALSE
	EndGlobalSection
	GlobalSection(ExtensibilityGlobals) = postSolution
		SolutionGuid = {616A1464-00DE-4233-88A6-5C08A062E9A8}
	EndGlobalSection
EndGlobal
